
Microsoft Visual Studio Solution File, Format Version 12.00
# Visual Studio Version 17
VisualStudioVersion = 17.7.34024.191
MinimumVisualStudioVersion = 10.0.40219.1
Project("{FAE04EC0-301F-11D3-BF4B-00C04F79EFBC}") = "28.09.2023", "28.09.2023.csproj", "{39CDE1FC-9D6B-43EB-A9AD-16D1656CC3F1}"
EndProject
Project("{FAE04EC0-301F-11D3-BF4B-00C04F79EFBC}") = "Tum_lab4", "..\Tum_lab4\Tum_lab4.csproj", "{1DEDC3ED-AA00-4368-A0CF-73B5318B3078}"
EndProject
Global
	GlobalSection(SolutionConfigurationPlatforms) = preSolution
		Debug|Any CPU = Debug|Any CPU
		Release|Any CPU = Release|Any CPU
	EndGlobalSection
	GlobalSection(ProjectConfigurationPlatforms) = postSolution
		{39CDE1FC-9D6B-43EB-A9AD-16D1656CC3F1}.Debug|Any CPU.ActiveCfg = Debug|Any CPU
		{39CDE1FC-9D6B-43EB-A9AD-16D1656CC3F1}.Debug|Any CPU.Build.0 = Debug|Any CPU
		{39CDE1FC-9D6B-43EB-A9AD-16D1656CC3F1}.Release|Any CPU.ActiveCfg = Release|Any CPU
		{39CDE1FC-9D6B-43EB-A9AD-16D1656CC3F1}.Release|Any CPU.Build.0 = Release|Any CPU
		{1DEDC3ED-AA00-4368-A0CF-73B5318B3078}.Debug|Any CPU.ActiveCfg = Debug|Any CPU
		{1DEDC3ED-AA00-4368-A0CF-73B5318B3078}.Debug|Any CPU.Build.0 = Debug|Any CPU
		{1DEDC3ED-AA00-4368-A0CF-73B5318B3078}.Release|Any CPU.ActiveCfg = Release|Any CPU
		{1DEDC3ED-AA00-4368-A0CF-73B5318B3078}.Release|Any CPU.Build.0 = Release|Any CPU
	EndGlobalSection
	GlobalSection(SolutionProperties) = preSolution
		HideSolutionNode = FALSE
	EndGlobalSection
	GlobalSection(ExtensibilityGlobals) = postSolution
		SolutionGuid = {F8536881-7685-4FF3-A06F-901154E743FF}
	EndGlobalSection
EndGlobal
